<Solution>
  <Configurations>
    <Platform Name="Any CPU" />
    <Platform Name="x64" />
  </Configurations>
  <Folder Name="/framework/">
    <Project Path="../GCModeller/src/runtime/sciBASIC#/vs_solutions/dev/VisualStudio/VisualStudio.NET5.vbproj">
      <Platform Solution="*|x64" Project="x64" />
    </Project>
    <Project Path="../GCModeller/src/runtime/sciBASIC#/vs_solutions/JavaScript/LiteJs.vbproj">
      <Platform Solution="Release|x64" Project="x64" />
    </Project>
  </Folder>
  <Folder Name="/framework/base/">
    <Project Path="../GCModeller/src/runtime/sciBASIC#/Data_science/Mathematica/Math/Math/Math.NET5.vbproj">
      <Platform Solution="*|x64" Project="x64" />
    </Project>
    <Project Path="../GCModeller/src/runtime/sciBASIC#/gr/Drawing-net4.8/Drawing-net4.8.vbproj">
      <Platform Solution="*|x64" Project="x64" />
    </Project>
    <Project Path="../GCModeller/src/runtime/sciBASIC#/gr/Microsoft.VisualBasic.Imaging/imaging.NET5.vbproj">
      <Platform Solution="*|x64" Project="x64" />
    </Project>
    <Project Path="../GCModeller/src/runtime/sciBASIC#/Microsoft.VisualBasic.Core/src/Core.vbproj">
      <Platform Solution="*|x64" Project="x64" />
    </Project>
    <Project Path="../GCModeller/src/runtime/sciBASIC#/mime/text%html/html_netcore5.vbproj">
      <Platform Solution="*|x64" Project="x64" />
    </Project>
  </Folder>
  <Folder Name="/framework/directx/">
    <Project Path="../Microsoft.VisualBasic.Drawing/src/DXApi/DXApi.vbproj">
      <Platform Solution="*|x64" Project="x64" />
    </Project>
    <Project Path="../Microsoft.VisualBasic.Drawing/src/DxCanvas/DxCanvas.vbproj">
      <Platform Solution="*|x64" Project="x64" />
    </Project>
  </Folder>
  <Project Path="src/LycheeUI/LycheeUI.vbproj">
    <Platform Solution="*|x64" Project="x64" />
  </Project>
  <Project Path="test/test.vbproj" Id="40039675-9878-4abd-8136-fc5f2f6c4a28">
    <Platform Solution="*|x64" Project="x64" />
  </Project>
</Solution>
